
Microsoft Visual Studio Solution File, Format Version 12.00
# Visual Studio Version 16
VisualStudioVersion = 16.0.30517.126
MinimumVisualStudioVersion = 10.0.40219.1
Project("{FAE04EC0-301F-11D3-BF4B-00C04F79EFBC}") = "JKClient", "JKClient\JKClient.csproj", "{673F7DFA-C27A-4D9E-B633-DA76148CF6D9}"
EndProject
Global
	GlobalSection(SolutionConfigurationPlatforms) = preSolution
		Debug|Any CPU = Debug|Any CPU
		Release|Any CPU = Release|Any CPU
	EndGlobalSection
	GlobalSection(ProjectConfigurationPlatforms) = postSolution
		{673F7DFA-C27A-4D9E-B633-DA76148CF6D9}.Debug|Any CPU.ActiveCfg = Debug|Any CPU
		{673F7DFA-C27A-4D9E-B633-DA76148CF6D9}.Debug|Any CPU.Build.0 = Debug|Any CPU
		{673F7DFA-C27A-4D9E-B633-DA76148CF6D9}.Release|Any CPU.ActiveCfg = Release|Any CPU
		{673F7DFA-C27A-4D9E-B633-DA76148CF6D9}.Release|Any CPU.Build.0 = Release|Any CPU
	EndGlobalSection
	GlobalSection(SolutionProperties) = preSolution
		HideSolutionNode = FALSE
	EndGlobalSection
	GlobalSection(ExtensibilityGlobals) = postSolution
		SolutionGuid = {017D1BA8-F1B7-452C-B064-2B4CE88FB67B}
	EndGlobalSection
EndGlobal
